
Microsoft Visual Studio Solution File, Format Version 12.00
# Visual Studio Version 16
VisualStudioVersion = 16.0.30621.155
MinimumVisualStudioVersion = 10.0.40219.1
Project("{FAE04EC0-301F-11D3-BF4B-00C04F79EFBC}") = "Car_1", "Car_1\Car_1.csproj", "{20EC57C9-FB06-410A-B241-5F6D0105F38E}"
EndProject
Global
	GlobalSection(SolutionConfigurationPlatforms) = preSolution
		Debug|Any CPU = Debug|Any CPU
		Release|Any CPU = Release|Any CPU
	EndGlobalSection
	GlobalSection(ProjectConfigurationPlatforms) = postSolution
		{20EC57C9-FB06-410A-B241-5F6D0105F38E}.Debug|Any CPU.ActiveCfg = Debug|Any CPU
		{20EC57C9-FB06-410A-B241-5F6D0105F38E}.Debug|Any CPU.Build.0 = Debug|Any CPU
		{20EC57C9-FB06-410A-B241-5F6D0105F38E}.Release|Any CPU.ActiveCfg = Release|Any CPU
		{20EC57C9-FB06-410A-B241-5F6D0105F38E}.Release|Any CPU.Build.0 = Release|Any CPU
	EndGlobalSection
	GlobalSection(SolutionProperties) = preSolution
		HideSolutionNode = FALSE
	EndGlobalSection
	GlobalSection(ExtensibilityGlobals) = postSolution
		SolutionGuid = {1DAAD361-903D-40AA-8B95-221D537093CA}
	EndGlobalSection
EndGlobal
